// !$*UTF8*$!
{
	archiveVersion = 1;
	classes = {
	};
	objectVersion = 50;
	objects = {

/* Begin PBXBuildFile section */
		BE66AB812226EBC500B5B427 /* AppDelegate.swift in Sources */ = {isa = PBXBuildFile; fileRef = BE66AB802226EBC500B5B427 /* AppDelegate.swift */; };
		BE66AB832226EBC500B5B427 /* MainViewController.swift in Sources */ = {isa = PBXBuildFile; fileRef = BE66AB822226EBC500B5B427 /* MainViewController.swift */; };
		BE66AB862226EBC500B5B427 /* Main.storyboard in Resources */ = {isa = PBXBuildFile; fileRef = BE66AB842226EBC500B5B427 /* Main.storyboard */; };
		BE66AB882226EBC700B5B427 /* Assets.xcassets in Resources */ = {isa = PBXBuildFile; fileRef = BE66AB872226EBC700B5B427 /* Assets.xcassets */; };
		BE66AB8B2226EBC700B5B427 /* LaunchScreen.storyboard in Resources */ = {isa = PBXBuildFile; fileRef = BE66AB892226EBC700B5B427 /* LaunchScreen.storyboard */; };
		BE66AB932226F18900B5B427 /* BluetoothManager.swift in Sources */ = {isa = PBXBuildFile; fileRef = BE66AB922226F18900B5B427 /* BluetoothManager.swift */; };
		BE66AB952226F1E500B5B427 /* BluetoothPeripheralManager.swift in Sources */ = {isa = PBXBuildFile; fileRef = BE66AB942226F1E500B5B427 /* BluetoothPeripheralManager.swift */; };
		BE66AB9722271D8B00B5B427 /* MotionManager.swift in Sources */ = {isa = PBXBuildFile; fileRef = BE66AB9622271D8B00B5B427 /* MotionManager.swift */; };
		BE66AB9922271EAB00B5B427 /* Extensions.swift in Sources */ = {isa = PBXBuildFile; fileRef = BE66AB9822271EAB00B5B427 /* Extensions.swift */; };
		BE66AB9B2227259D00B5B427 /* Peripheral.swift in Sources */ = {isa = PBXBuildFile; fileRef = BE66AB9A2227259D00B5B427 /* Peripheral.swift */; };
		BE66AB9D2227261200B5B427 /* SynchronizedDictionary.swift in Sources */ = {isa = PBXBuildFile; fileRef = BE66AB9C2227261200B5B427 /* SynchronizedDictionary.swift */; };
		BE66ABBF22274F9D00B5B427 /* VisualizeViewController.swift in Sources */ = {isa = PBXBuildFile; fileRef = BE66ABBE22274F9D00B5B427 /* VisualizeViewController.swift */; };
		BE66ABC32228351A00B5B427 /* PeripheralListViewController.swift in Sources */ = {isa = PBXBuildFile; fileRef = BE66ABC22228351A00B5B427 /* PeripheralListViewController.swift */; };
/* End PBXBuildFile section */

/* Begin PBXFileReference section */
		BE66AB7D2226EBC500B5B427 /* BLEMotion.app */ = {isa = PBXFileReference; explicitFileType = wrapper.application; includeInIndex = 0; path = BLEMotion.app; sourceTree = BUILT_PRODUCTS_DIR; };
		BE66AB802226EBC500B5B427 /* AppDelegate.swift */ = {isa = PBXFileReference; lastKnownFileType = sourcecode.swift; path = AppDelegate.swift; sourceTree = "<group>"; };
		BE66AB822226EBC500B5B427 /* MainViewController.swift */ = {isa = PBXFileReference; lastKnownFileType = sourcecode.swift; path = MainViewController.swift; sourceTree = "<group>"; };
		BE66AB852226EBC500B5B427 /* Base */ = {isa = PBXFileReference; lastKnownFileType = file.storyboard; name = Base; path = Base.lproj/Main.storyboard; sourceTree = "<group>"; };
		BE66AB872226EBC700B5B427 /* Assets.xcassets */ = {isa = PBXFileReference; lastKnownFileType = folder.assetcatalog; path = Assets.xcassets; sourceTree = "<group>"; };
		BE66AB8A2226EBC700B5B427 /* Base */ = {isa = PBXFileReference; lastKnownFileType = file.storyboard; name = Base; path = Base.lproj/LaunchScreen.storyboard; sourceTree = "<group>"; };
		BE66AB8C2226EBC700B5B427 /* Info.plist */ = {isa = PBXFileReference; lastKnownFileType = text.plist.xml; path = Info.plist; sourceTree = "<group>"; };
		BE66AB922226F18900B5B427 /* BluetoothManager.swift */ = {isa = PBXFileReference; lastKnownFileType = sourcecode.swift; path = BluetoothManager.swift; sourceTree = "<group>"; };
		BE66AB942226F1E500B5B427 /* BluetoothPeripheralManager.swift */ = {isa = PBXFileReference; lastKnownFileType = sourcecode.swift; path = BluetoothPeripheralManager.swift; sourceTree = "<group>"; };
		BE66AB9622271D8B00B5B427 /* MotionManager.swift */ = {isa = PBXFileReference; lastKnownFileType = sourcecode.swift; path = MotionManager.swift; sourceTree = "<group>"; };
		BE66AB9822271EAB00B5B427 /* Extensions.swift */ = {isa = PBXFileReference; lastKnownFileType = sourcecode.swift; path = Extensions.swift; sourceTree = "<group>"; };
		BE66AB9A2227259D00B5B427 /* Peripheral.swift */ = {isa = PBXFileReference; lastKnownFileType = sourcecode.swift; path = Peripheral.swift; sourceTree = "<group>"; };
		BE66AB9C2227261200B5B427 /* SynchronizedDictionary.swift */ = {isa = PBXFileReference; lastKnownFileType = sourcecode.swift; path = SynchronizedDictionary.swift; sourceTree = "<group>"; };
		BE66ABBE22274F9D00B5B427 /* VisualizeViewController.swift */ = {isa = PBXFileReference; lastKnownFileType = sourcecode.swift; path = VisualizeViewController.swift; sourceTree = "<group>"; };
		BE66ABC22228351A00B5B427 /* PeripheralListViewController.swift */ = {isa = PBXFileReference; lastKnownFileType = sourcecode.swift; path = PeripheralListViewController.swift; sourceTree = "<group>"; };
/* End PBXFileReference section */

/* Begin PBXFrameworksBuildPhase section */
		BE66AB7A2226EBC500B5B427 /* Frameworks */ = {
			isa = PBXFrameworksBuildPhase;
			buildActionMask = 2147483647;
			files = (
			);
			runOnlyForDeploymentPostprocessing = 0;
		};
/* End PBXFrameworksBuildPhase section */

/* Begin PBXGroup section */
		BE66AB742226EBC500B5B427 = {
			isa = PBXGroup;
			children = (
				BE66AB7F2226EBC500B5B427 /* BLEMotion */,
				BE66AB7E2226EBC500B5B427 /* Products */,
			);
			sourceTree = "<group>";
		};
		BE66AB7E2226EBC500B5B427 /* Products */ = {
			isa = PBXGroup;
			children = (
				BE66AB7D2226EBC500B5B427 /* BLEMotion.app */,
			);
			name = Products;
			sourceTree = "<group>";
		};
		BE66AB7F2226EBC500B5B427 /* BLEMotion */ = {
			isa = PBXGroup;
			children = (
				BE66ABC62229A77400B5B427 /* Motion */,
				BE66ABC52229A75600B5B427 /* BLE */,
				BE66ABC42228352900B5B427 /* View Controllers */,
				BE66AB802226EBC500B5B427 /* AppDelegate.swift */,
				BE66AB842226EBC500B5B427 /* Main.storyboard */,
				BE66AB872226EBC700B5B427 /* Assets.xcassets */,
				BE66AB892226EBC700B5B427 /* LaunchScreen.storyboard */,
				BE66AB8C2226EBC700B5B427 /* Info.plist */,
				BE66AB9822271EAB00B5B427 /* Extensions.swift */,
				BE66AB9C2227261200B5B427 /* SynchronizedDictionary.swift */,
			);
			path = BLEMotion;
			sourceTree = "<group>";
		};
		BE66ABC42228352900B5B427 /* View Controllers */ = {
			isa = PBXGroup;
			children = (
				BE66AB822226EBC500B5B427 /* MainViewController.swift */,
				BE66ABC22228351A00B5B427 /* PeripheralListViewController.swift */,
				BE66ABBE22274F9D00B5B427 /* VisualizeViewController.swift */,
			);
			path = "View Controllers";
			sourceTree = "<group>";
		};
		BE66ABC52229A75600B5B427 /* BLE */ = {
			isa = PBXGroup;
			children = (
				BE66AB922226F18900B5B427 /* BluetoothManager.swift */,
				BE66AB942226F1E500B5B427 /* BluetoothPeripheralManager.swift */,
				BE66AB9A2227259D00B5B427 /* Peripheral.swift */,
			);
			path = BLE;
			sourceTree = "<group>";
		};
		BE66ABC62229A77400B5B427 /* Motion */ = {
			isa = PBXGroup;
			children = (
				BE66AB9622271D8B00B5B427 /* MotionManager.swift */,
			);
			path = Motion;
			sourceTree = "<group>";
		};
/* End PBXGroup section */

/* Begin PBXNativeTarget section */
		BE66AB7C2226EBC500B5B427 /* BLEMotion */ = {
			isa = PBXNativeTarget;
			buildConfigurationList = BE66AB8F2226EBC700B5B427 /* Build configuration list for PBXNativeTarget "BLEMotion" */;
			buildPhases = (
				BE66AB792226EBC500B5B427 /* Sources */,
				BE66AB7A2226EBC500B5B427 /* Frameworks */,
				BE66AB7B2226EBC500B5B427 /* Resources */,
			);
			buildRules = (
			);
			dependencies = (
			);
			name = BLEMotion;
			productName = BLEMotion;
			productReference = BE66AB7D2226EBC500B5B427 /* BLEMotion.app */;
			productType = "com.apple.product-type.application";
		};
/* End PBXNativeTarget section */

/* Begin PBXProject section */
		BE66AB752226EBC500B5B427 /* Project object */ = {
			isa = PBXProject;
			attributes = {
				LastSwiftUpdateCheck = 1010;
				LastUpgradeCheck = 1010;
				ORGANIZATIONNAME = "William Welbes";
				TargetAttributes = {
					BE66AB7C2226EBC500B5B427 = {
						CreatedOnToolsVersion = 10.1;
					};
				};
			};
			buildConfigurationList = BE66AB782226EBC500B5B427 /* Build configuration list for PBXProject "BLEMotion" */;
			compatibilityVersion = "Xcode 9.3";
			developmentRegion = en;
			hasScannedForEncodings = 0;
			knownRegions = (
				en,
				Base,
			);
			mainGroup = BE66AB742226EBC500B5B427;
			productRefGroup = BE66AB7E2226EBC500B5B427 /* Products */;
			projectDirPath = "";
			projectRoot = "";
			targets = (
				BE66AB7C2226EBC500B5B427 /* BLEMotion */,
			);
		};
/* End PBXProject section */

/* Begin PBXResourcesBuildPhase section */
		BE66AB7B2226EBC500B5B427 /* Resources */ = {
			isa = PBXResourcesBuildPhase;
			buildActionMask = 2147483647;
			files = (
				BE66AB8B2226EBC700B5B427 /* LaunchScreen.storyboard in Resources */,
				BE66AB882226EBC700B5B427 /* Assets.xcassets in Resources */,
				BE66AB862226EBC500B5B427 /* Main.storyboard in Resources */,
			);
			runOnlyForDeploymentPostprocessing = 0;
		};
/* End PBXResourcesBuildPhase section */

/* Begin PBXSourcesBuildPhase section */
		BE66AB792226EBC500B5B427 /* Sources */ = {
			isa = PBXSourcesBuildPhase;
			buildActionMask = 2147483647;
			files = (
				BE66ABC32228351A00B5B427 /* PeripheralListViewController.swift in Sources */,
				BE66AB952226F1E500B5B427 /* BluetoothPeripheralManager.swift in Sources */,
				BE66AB9B2227259D00B5B427 /* Peripheral.swift in Sources */,
				BE66AB9922271EAB00B5B427 /* Extensions.swift in Sources */,
				BE66AB9722271D8B00B5B427 /* MotionManager.swift in Sources */,
				BE66AB832226EBC500B5B427 /* MainViewController.swift in Sources */,
				BE66ABBF22274F9D00B5B427 /* VisualizeViewController.swift in Sources */,
				BE66AB9D2227261200B5B427 /* SynchronizedDictionary.swift in Sources */,
				BE66AB932226F18900B5B427 /* BluetoothManager.swift in Sources */,
				BE66AB812226EBC500B5B427 /* AppDelegate.swift in Sources */,
			);
			runOnlyForDeploymentPostprocessing = 0;
		};
/* End PBXSourcesBuildPhase section */

/* Begin PBXVariantGroup section */
		BE66AB842226EBC500B5B427 /* Main.storyboard */ = {
			isa = PBXVariantGroup;
			children = (
				BE66AB852226EBC500B5B427 /* Base */,
			);
			name = Main.storyboard;
			sourceTree = "<group>";
		};
		BE66AB892226EBC700B5B427 /* LaunchScreen.storyboard */ = {
			isa = PBXVariantGroup;
			children = (
				BE66AB8A2226EBC700B5B427 /* Base */,
			);
			name = LaunchScreen.storyboard;
			sourceTree = "<group>";
		};
/* End PBXVariantGroup section */

/* Begin XCBuildConfiguration section */
		BE66AB8D2226EBC700B5B427 /* Debug */ = {
			isa = XCBuildConfiguration;
			buildSettings = {
				ALWAYS_SEARCH_USER_PATHS = NO;
				CLANG_ANALYZER_NONNULL = YES;
				CLANG_ANALYZER_NUMBER_OBJECT_CONVERSION = YES_AGGRESSIVE;
				CLANG_CXX_LANGUAGE_STANDARD = "gnu++14";
				CLANG_CXX_LIBRARY = "libc++";
				CLANG_ENABLE_MODULES = YES;
				CLANG_ENABLE_OBJC_ARC = YES;
				CLANG_ENABLE_OBJC_WEAK = YES;
				CLANG_WARN_BLOCK_CAPTURE_AUTORELEASING = YES;
				CLANG_WARN_BOOL_CONVERSION = YES;
				CLANG_WARN_COMMA = YES;
				CLANG_WARN_CONSTANT_CONVERSION = YES;
				CLANG_WARN_DEPRECATED_OBJC_IMPLEMENTATIONS = YES;
				CLANG_WARN_DIRECT_OBJC_ISA_USAGE = YES_ERROR;
				CLANG_WARN_DOCUMENTATION_COMMENTS = YES;
				CLANG_WARN_EMPTY_BODY = YES;
				CLANG_WARN_ENUM_CONVERSION = YES;
				CLANG_WARN_INFINITE_RECURSION = YES;
				CLANG_WARN_INT_CONVERSION = YES;
				CLANG_WARN_NON_LITERAL_NULL_CONVERSION = YES;
				CLANG_WARN_OBJC_IMPLICIT_RETAIN_SELF = YES;
				CLANG_WARN_OBJC_LITERAL_CONVERSION = YES;
				CLANG_WARN_OBJC_ROOT_CLASS = YES_ERROR;
				CLANG_WARN_RANGE_LOOP_ANALYSIS = YES;
				CLANG_WARN_STRICT_PROTOTYPES = YES;
				CLANG_WARN_SUSPICIOUS_MOVE = YES;
				CLANG_WARN_UNGUARDED_AVAILABILITY = YES_AGGRESSIVE;
				CLANG_WARN_UNREACHABLE_CODE = YES;
				CLANG_WARN__DUPLICATE_METHOD_MATCH = YES;
				CODE_SIGN_IDENTITY = "iPhone Developer";
				COPY_PHASE_STRIP = NO;
				DEBUG_INFORMATION_FORMAT = dwarf;
				ENABLE_STRICT_OBJC_MSGSEND = YES;
				ENABLE_TESTABILITY = YES;
				GCC_C_LANGUAGE_STANDARD = gnu11;
				GCC_DYNAMIC_NO_PIC = NO;
				GCC_NO_COMMON_BLOCKS = YES;
				GCC_OPTIMIZATION_LEVEL = 0;
				GCC_PREPROCESSOR_DEFINITIONS = (
					"DEBUG=1",
					"$(inherited)",
				);
				GCC_WARN_64_TO_32_BIT_CONVERSION = YES;
				GCC_WARN_ABOUT_RETURN_TYPE = YES_ERROR;
				GCC_WARN_UNDECLARED_SELECTOR = YES;
				GCC_WARN_UNINITIALIZED_AUTOS = YES_AGGRESSIVE;
				GCC_WARN_UNUSED_FUNCTION = YES;
				GCC_WARN_UNUSED_VARIABLE = YES;
				IPHONEOS_DEPLOYMENT_TARGET = 12.1;
				MTL_ENABLE_DEBUG_INFO = INCLUDE_SOURCE;
				MTL_FAST_MATH = YES;
				ONLY_ACTIVE_ARCH = YES;
				SDKROOT = iphoneos;
				SWIFT_ACTIVE_COMPILATION_CONDITIONS = DEBUG;
				SWIFT_OPTIMIZATION_LEVEL = "-Onone";
			};
			name = Debug;
		};
		BE66AB8E2226EBC700B5B427 /* Release */ = {
			isa = XCBuildConfiguration;
			buildSettings = {
				ALWAYS_SEARCH_USER_PATHS = NO;
				CLANG_ANALYZER_NONNULL = YES;
				CLANG_ANALYZER_NUMBER_OBJECT_CONVERSION = YES_AGGRESSIVE;
				CLANG_CXX_LANGUAGE_STANDARD = "gnu++14";
				CLANG_CXX_LIBRARY = "libc++";
				CLANG_ENABLE_MODULES = YES;
				CLANG_ENABLE_OBJC_ARC = YES;
				CLANG_ENABLE_OBJC_WEAK = YES;
				CLANG_WARN_BLOCK_CAPTURE_AUTORELEASING = YES;
				CLANG_WARN_BOOL_CONVERSION = YES;
				CLANG_WARN_COMMA = YES;
				CLANG_WARN_CONSTANT_CONVERSION = YES;
				CLANG_WARN_DEPRECATED_OBJC_IMPLEMENTATIONS = YES;
				CLANG_WARN_DIRECT_OBJC_ISA_USAGE = YES_ERROR;
				CLANG_WARN_DOCUMENTATION_COMMENTS = YES;
				CLANG_WARN_EMPTY_BODY = YES;
				CLANG_WARN_ENUM_CONVERSION = YES;
				CLANG_WARN_INFINITE_RECURSION = YES;
				CLANG_WARN_INT_CONVERSION = YES;
				CLANG_WARN_NON_LITERAL_NULL_CONVERSION = YES;
				CLANG_WARN_OBJC_IMPLICIT_RETAIN_SELF = YES;
				CLANG_WARN_OBJC_LITERAL_CONVERSION = YES;
				CLANG_WARN_OBJC_ROOT_CLASS = YES_ERROR;
				CLANG_WARN_RANGE_LOOP_ANALYSIS = YES;
				CLANG_WARN_STRICT_PROTOTYPES = YES;
				CLANG_WARN_SUSPICIOUS_MOVE = YES;
				CLANG_WARN_UNGUARDED_AVAILABILITY = YES_AGGRESSIVE;
				CLANG_WARN_UNREACHABLE_CODE = YES;
				CLANG_WARN__DUPLICATE_METHOD_MATCH = YES;
				CODE_SIGN_IDENTITY = "iPhone Developer";
				COPY_PHASE_STRIP = NO;
				DEBUG_INFORMATION_FORMAT = "dwarf-with-dsym";
				ENABLE_NS_ASSERTIONS = NO;
				ENABLE_STRICT_OBJC_MSGSEND = YES;
				GCC_C_LANGUAGE_STANDARD = gnu11;
				GCC_NO_COMMON_BLOCKS = YES;
				GCC_WARN_64_TO_32_BIT_CONVERSION = YES;
				GCC_WARN_ABOUT_RETURN_TYPE = YES_ERROR;
				GCC_WARN_UNDECLARED_SELECTOR = YES;
				GCC_WARN_UNINITIALIZED_AUTOS = YES_AGGRESSIVE;
				GCC_WARN_UNUSED_FUNCTION = YES;
				GCC_WARN_UNUSED_VARIABLE = YES;
				IPHONEOS_DEPLOYMENT_TARGET = 12.1;
				MTL_ENABLE_DEBUG_INFO = NO;
				MTL_FAST_MATH = YES;
				SDKROOT = iphoneos;
				SWIFT_COMPILATION_MODE = wholemodule;
				SWIFT_OPTIMIZATION_LEVEL = "-O";
				VALIDATE_PRODUCT = YES;
			};
			name = Release;
		};
		BE66AB902226EBC700B5B427 /* Debug */ = {
			isa = XCBuildConfiguration;
			buildSettings = {
				ASSETCATALOG_COMPILER_APPICON_NAME = AppIcon;
				CODE_SIGN_STYLE = Automatic;
				DEVELOPMENT_TEAM = 92VW9KVNP2;
				INFOPLIST_FILE = BLEMotion/Info.plist;
				LD_RUNPATH_SEARCH_PATHS = (
					"$(inherited)",
					"@executable_path/Frameworks",
				);
				PRODUCT_BUNDLE_IDENTIFIER = com.williamwelbes.BLEMotion;
				PRODUCT_NAME = "$(TARGET_NAME)";
				SWIFT_VERSION = 4.2;
				TARGETED_DEVICE_FAMILY = "1,2";
			};
			name = Debug;
		};
		BE66AB912226EBC700B5B427 /* Release */ = {
			isa = XCBuildConfiguration;
			buildSettings = {
				ASSETCATALOG_COMPILER_APPICON_NAME = AppIcon;
				CODE_SIGN_STYLE = Automatic;
				DEVELOPMENT_TEAM = 92VW9KVNP2;
				INFOPLIST_FILE = BLEMotion/Info.plist;
				LD_RUNPATH_SEARCH_PATHS = (
					"$(inherited)",
					"@executable_path/Frameworks",
				);
				PRODUCT_BUNDLE_IDENTIFIER = com.williamwelbes.BLEMotion;
				PRODUCT_NAME = "$(TARGET_NAME)";
				SWIFT_VERSION = 4.2;
				TARGETED_DEVICE_FAMILY = "1,2";
			};
			name = Release;
		};
/* End XCBuildConfiguration section */

/* Begin XCConfigurationList section */
		BE66AB782226EBC500B5B427 /* Build configuration list for PBXProject "BLEMotion" */ = {
			isa = XCConfigurationList;
			buildConfigurations = (
				BE66AB8D2226EBC700B5B427 /* Debug */,
				BE66AB8E2226EBC700B5B427 /* Release */,
			);
			defaultConfigurationIsVisible = 0;
			defaultConfigurationName = Release;
		};
		BE66AB8F2226EBC700B5B427 /* Build configuration list for PBXNativeTarget "BLEMotion" */ = {
			isa = XCConfigurationList;
			buildConfigurations = (
				BE66AB902226EBC700B5B427 /* Debug */,
				BE66AB912226EBC700B5B427 /* Release */,
			);
			defaultConfigurationIsVisible = 0;
			defaultConfigurationName = Release;
		};
/* End XCConfigurationList section */
	};
	rootObject = BE66AB752226EBC500B5B427 /* Project object */;
}
